
Microsoft Visual Studio Solution File, Format Version 12.00
# Visual Studio 15
VisualStudioVersion = 15.0.26228.12
MinimumVisualStudioVersion = 10.0.40219.1
Project("{2150E333-8FDC-42A3-9474-1A3956D46DE8}") = "src", "src", "{B748CB97-7861-4FC7-828D-11C44E540630}"
EndProject
Project("{2150E333-8FDC-42A3-9474-1A3956D46DE8}") = "Solution Items", "Solution Items", "{64F366F9-AA78-455D-B3C7-94B9F14814AA}"
	ProjectSection(SolutionItems) = preProject
		appveyor.yml = appveyor.yml
		LICENSE = LICENSE
		NuGet.config = NuGet.config
		README.md = README.md
	EndProjectSection
EndProject
Project("{2150E333-8FDC-42A3-9474-1A3956D46DE8}") = "test", "test", "{1F1CF499-A7DD-4BEE-B9B5-E5A87E0ADDA4}"
EndProject
Project("{9A19103F-16F7-4668-BE54-9A1E7A4F7556}") = "RService.IO.Tests", "test\RService.IO.Tests\RService.IO.Tests.csproj", "{29E250BF-7D21-4B2D-81DD-F527C0CC3286}"
EndProject
Project("{9A19103F-16F7-4668-BE54-9A1E7A4F7556}") = "RService.IO", "src\RService.IO\RService.IO.csproj", "{80003DA0-A02B-487A-8E22-973B5A4BF0CD}"
EndProject
Project("{9A19103F-16F7-4668-BE54-9A1E7A4F7556}") = "Rservice.IO.Tests.Integration", "test\Rservice.IO.Tests.Integration\Rservice.IO.Tests.Integration.csproj", "{CE9393A2-ED69-4748-913B-3C11143957F5}"
EndProject
Project("{9A19103F-16F7-4668-BE54-9A1E7A4F7556}") = "RService.IO.Abstractions", "src\RService.IO.Abstractions\RService.IO.Abstractions.csproj", "{4474DEEE-06F5-4706-97A2-A437E258F485}"
EndProject
Project("{9A19103F-16F7-4668-BE54-9A1E7A4F7556}") = "RService.IO.Authorization", "src\RService.IO.Authorization\RService.IO.Authorization.csproj", "{4FA0A7F5-B8AC-4BE0-BD20-7E2CDB16AE8B}"
EndProject
Project("{9A19103F-16F7-4668-BE54-9A1E7A4F7556}") = "RService.IO.Authorization.Tests", "test\RService.IO.Authorization.Tests\RService.IO.Authorization.Tests.csproj", "{44B66719-E3DC-4F39-A67D-196BCB9A0FA7}"
EndProject
Project("{2150E333-8FDC-42A3-9474-1A3956D46DE8}") = "build", "build", "{8183F92D-35F0-4362-896B-9BEEFE2EC1D0}"
	ProjectSection(SolutionItems) = preProject
		build\common.props = build\common.props
		build\dependencies.props = build\dependencies.props
		build\version.props = build\version.props
	EndProjectSection
EndProject
Project("{2150E333-8FDC-42A3-9474-1A3956D46DE8}") = "samples", "samples", "{9BBD4CCC-ECA9-49A3-BDC6-EBECAE6C562A}"
	ProjectSection(SolutionItems) = preProject
		samples\README.md = samples\README.md
	EndProjectSection
EndProject
Project("{FAE04EC0-301F-11D3-BF4B-00C04F79EFBC}") = "WebApiSample", "samples\WebApiSample\WebApiSample.csproj", "{0630EC05-F984-4683-A974-F3B67F20EF51}"
EndProject
Project("{FAE04EC0-301F-11D3-BF4B-00C04F79EFBC}") = "RServiceSample", "samples\RServiceSample\RServiceSample.csproj", "{69CE6A1F-1815-4D5F-8844-F401A318C9B5}"
EndProject
Global
	GlobalSection(SolutionConfigurationPlatforms) = preSolution
		Debug|Any CPU = Debug|Any CPU
		Release|Any CPU = Release|Any CPU
	EndGlobalSection
	GlobalSection(ProjectConfigurationPlatforms) = postSolution
		{29E250BF-7D21-4B2D-81DD-F527C0CC3286}.Debug|Any CPU.ActiveCfg = Debug|Any CPU
		{29E250BF-7D21-4B2D-81DD-F527C0CC3286}.Debug|Any CPU.Build.0 = Debug|Any CPU
		{29E250BF-7D21-4B2D-81DD-F527C0CC3286}.Release|Any CPU.ActiveCfg = Release|Any CPU
		{29E250BF-7D21-4B2D-81DD-F527C0CC3286}.Release|Any CPU.Build.0 = Release|Any CPU
		{80003DA0-A02B-487A-8E22-973B5A4BF0CD}.Debug|Any CPU.ActiveCfg = Debug|Any CPU
		{80003DA0-A02B-487A-8E22-973B5A4BF0CD}.Debug|Any CPU.Build.0 = Debug|Any CPU
		{80003DA0-A02B-487A-8E22-973B5A4BF0CD}.Release|Any CPU.ActiveCfg = Release|Any CPU
		{80003DA0-A02B-487A-8E22-973B5A4BF0CD}.Release|Any CPU.Build.0 = Release|Any CPU
		{CE9393A2-ED69-4748-913B-3C11143957F5}.Debug|Any CPU.ActiveCfg = Debug|Any CPU
		{CE9393A2-ED69-4748-913B-3C11143957F5}.Debug|Any CPU.Build.0 = Debug|Any CPU
		{CE9393A2-ED69-4748-913B-3C11143957F5}.Release|Any CPU.ActiveCfg = Release|Any CPU
		{CE9393A2-ED69-4748-913B-3C11143957F5}.Release|Any CPU.Build.0 = Release|Any CPU
		{4474DEEE-06F5-4706-97A2-A437E258F485}.Debug|Any CPU.ActiveCfg = Debug|Any CPU
		{4474DEEE-06F5-4706-97A2-A437E258F485}.Debug|Any CPU.Build.0 = Debug|Any CPU
		{4474DEEE-06F5-4706-97A2-A437E258F485}.Release|Any CPU.ActiveCfg = Release|Any CPU
		{4474DEEE-06F5-4706-97A2-A437E258F485}.Release|Any CPU.Build.0 = Release|Any CPU
		{4FA0A7F5-B8AC-4BE0-BD20-7E2CDB16AE8B}.Debug|Any CPU.ActiveCfg = Debug|Any CPU
		{4FA0A7F5-B8AC-4BE0-BD20-7E2CDB16AE8B}.Debug|Any CPU.Build.0 = Debug|Any CPU
		{4FA0A7F5-B8AC-4BE0-BD20-7E2CDB16AE8B}.Release|Any CPU.ActiveCfg = Release|Any CPU
		{4FA0A7F5-B8AC-4BE0-BD20-7E2CDB16AE8B}.Release|Any CPU.Build.0 = Release|Any CPU
		{44B66719-E3DC-4F39-A67D-196BCB9A0FA7}.Debug|Any CPU.ActiveCfg = Debug|Any CPU
		{44B66719-E3DC-4F39-A67D-196BCB9A0FA7}.Debug|Any CPU.Build.0 = Debug|Any CPU
		{44B66719-E3DC-4F39-A67D-196BCB9A0FA7}.Release|Any CPU.ActiveCfg = Release|Any CPU
		{44B66719-E3DC-4F39-A67D-196BCB9A0FA7}.Release|Any CPU.Build.0 = Release|Any CPU
		{0630EC05-F984-4683-A974-F3B67F20EF51}.Debug|Any CPU.ActiveCfg = Debug|Any CPU
		{0630EC05-F984-4683-A974-F3B67F20EF51}.Debug|Any CPU.Build.0 = Debug|Any CPU
		{0630EC05-F984-4683-A974-F3B67F20EF51}.Release|Any CPU.ActiveCfg = Release|Any CPU
		{0630EC05-F984-4683-A974-F3B67F20EF51}.Release|Any CPU.Build.0 = Release|Any CPU
		{69CE6A1F-1815-4D5F-8844-F401A318C9B5}.Debug|Any CPU.ActiveCfg = Debug|Any CPU
		{69CE6A1F-1815-4D5F-8844-F401A318C9B5}.Debug|Any CPU.Build.0 = Debug|Any CPU
		{69CE6A1F-1815-4D5F-8844-F401A318C9B5}.Release|Any CPU.ActiveCfg = Release|Any CPU
		{69CE6A1F-1815-4D5F-8844-F401A318C9B5}.Release|Any CPU.Build.0 = Release|Any CPU
	EndGlobalSection
	GlobalSection(SolutionProperties) = preSolution
		HideSolutionNode = FALSE
	EndGlobalSection
	GlobalSection(NestedProjects) = preSolution
		{29E250BF-7D21-4B2D-81DD-F527C0CC3286} = {1F1CF499-A7DD-4BEE-B9B5-E5A87E0ADDA4}
		{80003DA0-A02B-487A-8E22-973B5A4BF0CD} = {B748CB97-7861-4FC7-828D-11C44E540630}
		{CE9393A2-ED69-4748-913B-3C11143957F5} = {1F1CF499-A7DD-4BEE-B9B5-E5A87E0ADDA4}
		{4474DEEE-06F5-4706-97A2-A437E258F485} = {B748CB97-7861-4FC7-828D-11C44E540630}
		{4FA0A7F5-B8AC-4BE0-BD20-7E2CDB16AE8B} = {B748CB97-7861-4FC7-828D-11C44E540630}
		{44B66719-E3DC-4F39-A67D-196BCB9A0FA7} = {1F1CF499-A7DD-4BEE-B9B5-E5A87E0ADDA4}
		{0630EC05-F984-4683-A974-F3B67F20EF51} = {9BBD4CCC-ECA9-49A3-BDC6-EBECAE6C562A}
		{69CE6A1F-1815-4D5F-8844-F401A318C9B5} = {9BBD4CCC-ECA9-49A3-BDC6-EBECAE6C562A}
	EndGlobalSection
EndGlobal
